// !$*UTF8*$!
{
	archiveVersion = 1;
	classes = {
	};
	objectVersion = 46;
	objects = {

/* Begin PBXBuildFile section */
		9FF412EB1CB3CBBA00591E86 /* main.m in Sources */ = {isa = PBXBuildFile; fileRef = 9FF412EA1CB3CBBA00591E86 /* main.m */; };
		9FF412EE1CB3CBBA00591E86 /* AppDelegate.m in Sources */ = {isa = PBXBuildFile; fileRef = 9FF412ED1CB3CBBA00591E86 /* AppDelegate.m */; };
		9FF412F11CB3CBBA00591E86 /* ViewController.m in Sources */ = {isa = PBXBuildFile; fileRef = 9FF412F01CB3CBBA00591E86 /* ViewController.m */; };
		9FF412F41CB3CBBA00591E86 /* Main.storyboard in Resources */ = {isa = PBXBuildFile; fileRef = 9FF412F21CB3CBBA00591E86 /* Main.storyboard */; };
		9FF412F61CB3CBBA00591E86 /* Assets.xcassets in Resources */ = {isa = PBXBuildFile; fileRef = 9FF412F51CB3CBBA00591E86 /* Assets.xcassets */; };
		9FF412F91CB3CBBA00591E86 /* LaunchScreen.storyboard in Resources */ = {isa = PBXBuildFile; fileRef = 9FF412F71CB3CBBA00591E86 /* LaunchScreen.storyboard */; };
		9FF4132B1CB3D2E800591E86 /* VRMCalendarCell.swift in Sources */ = {isa = PBXBuildFile; fileRef = 9FF413231CB3D2E800591E86 /* VRMCalendarCell.swift */; };
		9FF4132C1CB3D2E800591E86 /* VRMCalendarHeader.swift in Sources */ = {isa = PBXBuildFile; fileRef = 9FF413241CB3D2E800591E86 /* VRMCalendarHeader.swift */; };
		9FF4132D1CB3D2E800591E86 /* VRMCalendarPage.swift in Sources */ = {isa = PBXBuildFile; fileRef = 9FF413251CB3D2E800591E86 /* VRMCalendarPage.swift */; };
		9FF4132E1CB3D2E800591E86 /* VRMCalendarView.swift in Sources */ = {isa = PBXBuildFile; fileRef = 9FF413261CB3D2E800591E86 /* VRMCalendarView.swift */; };
		9FF4132F1CB3D2E800591E86 /* NSDate+VRMAdditions.swift in Sources */ = {isa = PBXBuildFile; fileRef = 9FF413281CB3D2E800591E86 /* NSDate+VRMAdditions.swift */; };
		9FF413301CB3D2E800591E86 /* VRMCalendarProtocols.swift in Sources */ = {isa = PBXBuildFile; fileRef = 9FF413291CB3D2E800591E86 /* VRMCalendarProtocols.swift */; };
		9FF413311CB3D2E800591E86 /* VRMConstants.swift in Sources */ = {isa = PBXBuildFile; fileRef = 9FF4132A1CB3D2E800591E86 /* VRMConstants.swift */; };
/* End PBXBuildFile section */

/* Begin PBXFileReference section */
		9FF412E61CB3CBBA00591E86 /* VRMCalendar.app */ = {isa = PBXFileReference; explicitFileType = wrapper.application; includeInIndex = 0; path = VRMCalendar.app; sourceTree = BUILT_PRODUCTS_DIR; };
		9FF412EA1CB3CBBA00591E86 /* main.m */ = {isa = PBXFileReference; lastKnownFileType = sourcecode.c.objc; path = main.m; sourceTree = "<group>"; };
		9FF412EC1CB3CBBA00591E86 /* AppDelegate.h */ = {isa = PBXFileReference; lastKnownFileType = sourcecode.c.h; path = AppDelegate.h; sourceTree = "<group>"; };
		9FF412ED1CB3CBBA00591E86 /* AppDelegate.m */ = {isa = PBXFileReference; lastKnownFileType = sourcecode.c.objc; path = AppDelegate.m; sourceTree = "<group>"; };
		9FF412EF1CB3CBBA00591E86 /* ViewController.h */ = {isa = PBXFileReference; lastKnownFileType = sourcecode.c.h; path = ViewController.h; sourceTree = "<group>"; };
		9FF412F01CB3CBBA00591E86 /* ViewController.m */ = {isa = PBXFileReference; lastKnownFileType = sourcecode.c.objc; path = ViewController.m; sourceTree = "<group>"; };
		9FF412F31CB3CBBA00591E86 /* Base */ = {isa = PBXFileReference; lastKnownFileType = file.storyboard; name = Base; path = Base.lproj/Main.storyboard; sourceTree = "<group>"; };
		9FF412F51CB3CBBA00591E86 /* Assets.xcassets */ = {isa = PBXFileReference; lastKnownFileType = folder.assetcatalog; path = Assets.xcassets; sourceTree = "<group>"; };
		9FF412F81CB3CBBA00591E86 /* Base */ = {isa = PBXFileReference; lastKnownFileType = file.storyboard; name = Base; path = Base.lproj/LaunchScreen.storyboard; sourceTree = "<group>"; };
		9FF412FA1CB3CBBA00591E86 /* Info.plist */ = {isa = PBXFileReference; lastKnownFileType = text.plist.xml; path = Info.plist; sourceTree = "<group>"; };
		9FF413231CB3D2E800591E86 /* VRMCalendarCell.swift */ = {isa = PBXFileReference; fileEncoding = 4; lastKnownFileType = sourcecode.swift; path = VRMCalendarCell.swift; sourceTree = "<group>"; };
		9FF413241CB3D2E800591E86 /* VRMCalendarHeader.swift */ = {isa = PBXFileReference; fileEncoding = 4; lastKnownFileType = sourcecode.swift; path = VRMCalendarHeader.swift; sourceTree = "<group>"; };
		9FF413251CB3D2E800591E86 /* VRMCalendarPage.swift */ = {isa = PBXFileReference; fileEncoding = 4; lastKnownFileType = sourcecode.swift; path = VRMCalendarPage.swift; sourceTree = "<group>"; };
		9FF413261CB3D2E800591E86 /* VRMCalendarView.swift */ = {isa = PBXFileReference; fileEncoding = 4; lastKnownFileType = sourcecode.swift; path = VRMCalendarView.swift; sourceTree = "<group>"; };
		9FF413281CB3D2E800591E86 /* NSDate+VRMAdditions.swift */ = {isa = PBXFileReference; fileEncoding = 4; lastKnownFileType = sourcecode.swift; path = "NSDate+VRMAdditions.swift"; sourceTree = "<group>"; };
		9FF413291CB3D2E800591E86 /* VRMCalendarProtocols.swift */ = {isa = PBXFileReference; fileEncoding = 4; lastKnownFileType = sourcecode.swift; path = VRMCalendarProtocols.swift; sourceTree = "<group>"; };
		9FF4132A1CB3D2E800591E86 /* VRMConstants.swift */ = {isa = PBXFileReference; fileEncoding = 4; lastKnownFileType = sourcecode.swift; path = VRMConstants.swift; sourceTree = "<group>"; };
/* End PBXFileReference section */

/* Begin PBXFrameworksBuildPhase section */
		9FF412E31CB3CBBA00591E86 /* Frameworks */ = {
			isa = PBXFrameworksBuildPhase;
			buildActionMask = 2147483647;
			files = (
			);
			runOnlyForDeploymentPostprocessing = 0;
		};
/* End PBXFrameworksBuildPhase section */

/* Begin PBXGroup section */
		9FF412DD1CB3CBBA00591E86 = {
			isa = PBXGroup;
			children = (
				9FF412E81CB3CBBA00591E86 /* VRMCalendar */,
				9FF412E71CB3CBBA00591E86 /* Products */,
			);
			sourceTree = "<group>";
		};
		9FF412E71CB3CBBA00591E86 /* Products */ = {
			isa = PBXGroup;
			children = (
				9FF412E61CB3CBBA00591E86 /* VRMCalendar.app */,
			);
			name = Products;
			sourceTree = "<group>";
		};
		9FF412E81CB3CBBA00591E86 /* VRMCalendar */ = {
			isa = PBXGroup;
			children = (
				9FF412EC1CB3CBBA00591E86 /* AppDelegate.h */,
				9FF412ED1CB3CBBA00591E86 /* AppDelegate.m */,
				9FF412EF1CB3CBBA00591E86 /* ViewController.h */,
				9FF412F01CB3CBBA00591E86 /* ViewController.m */,
				9FF412F21CB3CBBA00591E86 /* Main.storyboard */,
				9FF412F51CB3CBBA00591E86 /* Assets.xcassets */,
				9FF412F71CB3CBBA00591E86 /* LaunchScreen.storyboard */,
				9FF413221CB3D2E800591E86 /* VRMCalendar */,
				9FF412FA1CB3CBBA00591E86 /* Info.plist */,
				9FF412E91CB3CBBA00591E86 /* Supporting Files */,
			);
			path = VRMCalendar;
			sourceTree = "<group>";
		};
		9FF412E91CB3CBBA00591E86 /* Supporting Files */ = {
			isa = PBXGroup;
			children = (
				9FF412EA1CB3CBBA00591E86 /* main.m */,
			);
			name = "Supporting Files";
			sourceTree = "<group>";
		};
		9FF413221CB3D2E800591E86 /* VRMCalendar */ = {
			isa = PBXGroup;
			children = (
				9FF413231CB3D2E800591E86 /* VRMCalendarCell.swift */,
				9FF413241CB3D2E800591E86 /* VRMCalendarHeader.swift */,
				9FF413251CB3D2E800591E86 /* VRMCalendarPage.swift */,
				9FF413261CB3D2E800591E86 /* VRMCalendarView.swift */,
				9FF413271CB3D2E800591E86 /* VRMUtils */,
			);
			path = VRMCalendar;
			sourceTree = "<group>";
		};
		9FF413271CB3D2E800591E86 /* VRMUtils */ = {
			isa = PBXGroup;
			children = (
				9FF413281CB3D2E800591E86 /* NSDate+VRMAdditions.swift */,
				9FF413291CB3D2E800591E86 /* VRMCalendarProtocols.swift */,
				9FF4132A1CB3D2E800591E86 /* VRMConstants.swift */,
			);
			path = VRMUtils;
			sourceTree = "<group>";
		};
/* End PBXGroup section */

/* Begin PBXNativeTarget section */
		9FF412E51CB3CBBA00591E86 /* VRMCalendar */ = {
			isa = PBXNativeTarget;
			buildConfigurationList = 9FF412FD1CB3CBBA00591E86 /* Build configuration list for PBXNativeTarget "VRMCalendar" */;
			buildPhases = (
				9FF412E21CB3CBBA00591E86 /* Sources */,
				9FF412E31CB3CBBA00591E86 /* Frameworks */,
				9FF412E41CB3CBBA00591E86 /* Resources */,
			);
			buildRules = (
			);
			dependencies = (
			);
			name = VRMCalendar;
			productName = VRMCalendar;
			productReference = 9FF412E61CB3CBBA00591E86 /* VRMCalendar.app */;
			productType = "com.apple.product-type.application";
		};
/* End PBXNativeTarget section */

/* Begin PBXProject section */
		9FF412DE1CB3CBBA00591E86 /* Project object */ = {
			isa = PBXProject;
			attributes = {
				LastUpgradeCheck = 0720;
				ORGANIZATIONNAME = Vorm;
				TargetAttributes = {
					9FF412E51CB3CBBA00591E86 = {
						CreatedOnToolsVersion = 7.2;
					};
				};
			};
			buildConfigurationList = 9FF412E11CB3CBBA00591E86 /* Build configuration list for PBXProject "VRMCalendar" */;
			compatibilityVersion = "Xcode 3.2";
			developmentRegion = English;
			hasScannedForEncodings = 0;
			knownRegions = (
				en,
				Base,
			);
			mainGroup = 9FF412DD1CB3CBBA00591E86;
			productRefGroup = 9FF412E71CB3CBBA00591E86 /* Products */;
			projectDirPath = "";
			projectRoot = "";
			targets = (
				9FF412E51CB3CBBA00591E86 /* VRMCalendar */,
			);
		};
/* End PBXProject section */

/* Begin PBXResourcesBuildPhase section */
		9FF412E41CB3CBBA00591E86 /* Resources */ = {
			isa = PBXResourcesBuildPhase;
			buildActionMask = 2147483647;
			files = (
				9FF412F91CB3CBBA00591E86 /* LaunchScreen.storyboard in Resources */,
				9FF412F61CB3CBBA00591E86 /* Assets.xcassets in Resources */,
				9FF412F41CB3CBBA00591E86 /* Main.storyboard in Resources */,
			);
			runOnlyForDeploymentPostprocessing = 0;
		};
/* End PBXResourcesBuildPhase section */

/* Begin PBXSourcesBuildPhase section */
		9FF412E21CB3CBBA00591E86 /* Sources */ = {
			isa = PBXSourcesBuildPhase;
			buildActionMask = 2147483647;
			files = (
				9FF4132C1CB3D2E800591E86 /* VRMCalendarHeader.swift in Sources */,
				9FF412F11CB3CBBA00591E86 /* ViewController.m in Sources */,
				9FF4132F1CB3D2E800591E86 /* NSDate+VRMAdditions.swift in Sources */,
				9FF412EE1CB3CBBA00591E86 /* AppDelegate.m in Sources */,
				9FF412EB1CB3CBBA00591E86 /* main.m in Sources */,
				9FF4132D1CB3D2E800591E86 /* VRMCalendarPage.swift in Sources */,
				9FF4132E1CB3D2E800591E86 /* VRMCalendarView.swift in Sources */,
				9FF4132B1CB3D2E800591E86 /* VRMCalendarCell.swift in Sources */,
				9FF413301CB3D2E800591E86 /* VRMCalendarProtocols.swift in Sources */,
				9FF413311CB3D2E800591E86 /* VRMConstants.swift in Sources */,
			);
			runOnlyForDeploymentPostprocessing = 0;
		};
/* End PBXSourcesBuildPhase section */

/* Begin PBXVariantGroup section */
		9FF412F21CB3CBBA00591E86 /* Main.storyboard */ = {
			isa = PBXVariantGroup;
			children = (
				9FF412F31CB3CBBA00591E86 /* Base */,
			);
			name = Main.storyboard;
			sourceTree = "<group>";
		};
		9FF412F71CB3CBBA00591E86 /* LaunchScreen.storyboard */ = {
			isa = PBXVariantGroup;
			children = (
				9FF412F81CB3CBBA00591E86 /* Base */,
			);
			name = LaunchScreen.storyboard;
			sourceTree = "<group>";
		};
/* End PBXVariantGroup section */

/* Begin XCBuildConfiguration section */
		9FF412FB1CB3CBBA00591E86 /* Debug */ = {
			isa = XCBuildConfiguration;
			buildSettings = {
				ALWAYS_SEARCH_USER_PATHS = NO;
				CLANG_CXX_LANGUAGE_STANDARD = "gnu++0x";
				CLANG_CXX_LIBRARY = "libc++";
				CLANG_ENABLE_MODULES = YES;
				CLANG_ENABLE_OBJC_ARC = YES;
				CLANG_WARN_BOOL_CONVERSION = YES;
				CLANG_WARN_CONSTANT_CONVERSION = YES;
				CLANG_WARN_DIRECT_OBJC_ISA_USAGE = YES_ERROR;
				CLANG_WARN_EMPTY_BODY = YES;
				CLANG_WARN_ENUM_CONVERSION = YES;
				CLANG_WARN_INT_CONVERSION = YES;
				CLANG_WARN_OBJC_ROOT_CLASS = YES_ERROR;
				CLANG_WARN_UNREACHABLE_CODE = YES;
				CLANG_WARN__DUPLICATE_METHOD_MATCH = YES;
				"CODE_SIGN_IDENTITY[sdk=iphoneos*]" = "iPhone Developer";
				COPY_PHASE_STRIP = NO;
				DEBUG_INFORMATION_FORMAT = dwarf;
				ENABLE_STRICT_OBJC_MSGSEND = YES;
				ENABLE_TESTABILITY = YES;
				GCC_C_LANGUAGE_STANDARD = gnu99;
				GCC_DYNAMIC_NO_PIC = NO;
				GCC_NO_COMMON_BLOCKS = YES;
				GCC_OPTIMIZATION_LEVEL = 0;
				GCC_PREPROCESSOR_DEFINITIONS = (
					"DEBUG=1",
					"$(inherited)",
				);
				GCC_WARN_64_TO_32_BIT_CONVERSION = YES;
				GCC_WARN_ABOUT_RETURN_TYPE = YES_ERROR;
				GCC_WARN_UNDECLARED_SELECTOR = YES;
				GCC_WARN_UNINITIALIZED_AUTOS = YES_AGGRESSIVE;
				GCC_WARN_UNUSED_FUNCTION = YES;
				GCC_WARN_UNUSED_VARIABLE = YES;
				IPHONEOS_DEPLOYMENT_TARGET = 9.2;
				MTL_ENABLE_DEBUG_INFO = YES;
				ONLY_ACTIVE_ARCH = YES;
				SDKROOT = iphoneos;
				TARGETED_DEVICE_FAMILY = "1,2";
			};
			name = Debug;
		};
		9FF412FC1CB3CBBA00591E86 /* Release */ = {
			isa = XCBuildConfiguration;
			buildSettings = {
				ALWAYS_SEARCH_USER_PATHS = NO;
				CLANG_CXX_LANGUAGE_STANDARD = "gnu++0x";
				CLANG_CXX_LIBRARY = "libc++";
				CLANG_ENABLE_MODULES = YES;
				CLANG_ENABLE_OBJC_ARC = YES;
				CLANG_WARN_BOOL_CONVERSION = YES;
				CLANG_WARN_CONSTANT_CONVERSION = YES;
				CLANG_WARN_DIRECT_OBJC_ISA_USAGE = YES_ERROR;
				CLANG_WARN_EMPTY_BODY = YES;
				CLANG_WARN_ENUM_CONVERSION = YES;
				CLANG_WARN_INT_CONVERSION = YES;
				CLANG_WARN_OBJC_ROOT_CLASS = YES_ERROR;
				CLANG_WARN_UNREACHABLE_CODE = YES;
				CLANG_WARN__DUPLICATE_METHOD_MATCH = YES;
				"CODE_SIGN_IDENTITY[sdk=iphoneos*]" = "iPhone Developer";
				COPY_PHASE_STRIP = NO;
				DEBUG_INFORMATION_FORMAT = "dwarf-with-dsym";
				ENABLE_NS_ASSERTIONS = NO;
				ENABLE_STRICT_OBJC_MSGSEND = YES;
				GCC_C_LANGUAGE_STANDARD = gnu99;
				GCC_NO_COMMON_BLOCKS = YES;
				GCC_WARN_64_TO_32_BIT_CONVERSION = YES;
				GCC_WARN_ABOUT_RETURN_TYPE = YES_ERROR;
				GCC_WARN_UNDECLARED_SELECTOR = YES;
				GCC_WARN_UNINITIALIZED_AUTOS = YES_AGGRESSIVE;
				GCC_WARN_UNUSED_FUNCTION = YES;
				GCC_WARN_UNUSED_VARIABLE = YES;
				IPHONEOS_DEPLOYMENT_TARGET = 9.2;
				MTL_ENABLE_DEBUG_INFO = NO;
				SDKROOT = iphoneos;
				TARGETED_DEVICE_FAMILY = "1,2";
				VALIDATE_PRODUCT = YES;
			};
			name = Release;
		};
		9FF412FE1CB3CBBA00591E86 /* Debug */ = {
			isa = XCBuildConfiguration;
			buildSettings = {
				ASSETCATALOG_COMPILER_APPICON_NAME = AppIcon;
				INFOPLIST_FILE = VRMCalendar/Info.plist;
				LD_RUNPATH_SEARCH_PATHS = "$(inherited) @executable_path/Frameworks";
				PRODUCT_BUNDLE_IDENTIFIER = com.vorm.VRMCalendar;
				PRODUCT_NAME = "$(TARGET_NAME)";
			};
			name = Debug;
		};
		9FF412FF1CB3CBBA00591E86 /* Release */ = {
			isa = XCBuildConfiguration;
			buildSettings = {
				ASSETCATALOG_COMPILER_APPICON_NAME = AppIcon;
				INFOPLIST_FILE = VRMCalendar/Info.plist;
				LD_RUNPATH_SEARCH_PATHS = "$(inherited) @executable_path/Frameworks";
				PRODUCT_BUNDLE_IDENTIFIER = com.vorm.VRMCalendar;
				PRODUCT_NAME = "$(TARGET_NAME)";
			};
			name = Release;
		};
/* End XCBuildConfiguration section */

/* Begin XCConfigurationList section */
		9FF412E11CB3CBBA00591E86 /* Build configuration list for PBXProject "VRMCalendar" */ = {
			isa = XCConfigurationList;
			buildConfigurations = (
				9FF412FB1CB3CBBA00591E86 /* Debug */,
				9FF412FC1CB3CBBA00591E86 /* Release */,
			);
			defaultConfigurationIsVisible = 0;
			defaultConfigurationName = Release;
		};
		9FF412FD1CB3CBBA00591E86 /* Build configuration list for PBXNativeTarget "VRMCalendar" */ = {
			isa = XCConfigurationList;
			buildConfigurations = (
				9FF412FE1CB3CBBA00591E86 /* Debug */,
				9FF412FF1CB3CBBA00591E86 /* Release */,
			);
			defaultConfigurationIsVisible = 0;
		};
/* End XCConfigurationList section */
	};
	rootObject = 9FF412DE1CB3CBBA00591E86 /* Project object */;
}
